
Microsoft Visual Studio Solution File, Format Version 12.00
# Visual Studio Version 17
VisualStudioVersion = 17.14.36623.8
MinimumVisualStudioVersion = 10.0.40219.1
Project("{FAE04EC0-301F-11D3-BF4B-00C04F79EFBC}") = "ConsoleApp1", "ConsoleApp1.csproj", "{B5F634D8-A9F2-4404-8121-80349FD383CB}"
EndProject
Global
	GlobalSection(SolutionConfigurationPlatforms) = preSolution
		Debug|Any CPU = Debug|Any CPU
		Release|Any CPU = Release|Any CPU
	EndGlobalSection
	GlobalSection(ProjectConfigurationPlatforms) = postSolution
		{B5F634D8-A9F2-4404-8121-80349FD383CB}.Debug|Any CPU.ActiveCfg = Debug|Any CPU
		{B5F634D8-A9F2-4404-8121-80349FD383CB}.Debug|Any CPU.Build.0 = Debug|Any CPU
		{B5F634D8-A9F2-4404-8121-80349FD383CB}.Release|Any CPU.ActiveCfg = Release|Any CPU
		{B5F634D8-A9F2-4404-8121-80349FD383CB}.Release|Any CPU.Build.0 = Release|Any CPU
	EndGlobalSection
	GlobalSection(SolutionProperties) = preSolution
		HideSolutionNode = FALSE
	EndGlobalSection
	GlobalSection(ExtensibilityGlobals) = postSolution
		SolutionGuid = {066DA1B8-DD33-4339-BB47-AFF068256968}
	EndGlobalSection
EndGlobal
